
Microsoft Visual Studio Solution File, Format Version 12.00
# Visual Studio Version 17
VisualStudioVersion = 17.3.32811.315
MinimumVisualStudioVersion = 10.0.40219.1
Project("{9A19103F-16F7-4668-BE54-9A1E7A4F7556}") = "GetStoreApp", "GetStoreApp\GetStoreApp.csproj", "{C10E0E75-FF6C-4976-BCEE-0369B3FCAA8E}"
EndProject
Project("{2150E333-8FDC-42A3-9474-1A3956D46DE8}") = "Solution Items", "Solution Items", "{23584989-CD5F-4D3C-BBD0-59E2C9A93B04}"
	ProjectSection(SolutionItems) = preProject
		.editorconfig = .editorconfig
		.gitattributes = .gitattributes
		.gitignore = .gitignore
		Directory.Build.props = Directory.Build.props
		LICENSE = LICENSE
		README.md = README.md
	EndProjectSection
EndProject
Project("{C7167F0D-BC9F-4E6E-AFE1-012C56B48DB5}") = "GetStoreAppPackage", "GetStoreAppPackage\GetStoreAppPackage.wapproj", "{CA6C2DC4-C96D-4C23-AE18-FC7150BEF554}"
EndProject
Project("{2150E333-8FDC-42A3-9474-1A3956D46DE8}") = "Description", "Description", "{119BC62D-028A-420E-B1B6-D49B12D56320}"
	ProjectSection(SolutionItems) = preProject
		Description\README_EN-US.md = Description\README_EN-US.md
		Description\README_ZH-CN.md = Description\README_ZH-CN.md
		Description\StudyReferenceCode.md = Description\StudyReferenceCode.md
	EndProjectSection
EndProject
Project("{9A19103F-16F7-4668-BE54-9A1E7A4F7556}") = "GetStoreAppHelper", "GetStoreAppHelper\GetStoreAppHelper.csproj", "{E5F0A18A-347D-4020-BA37-2E06C0DE233E}"
EndProject
Project("{C7167F0D-BC9F-4E6E-AFE1-012C56B48DB5}") = "GetStoreAppHelperTest", "GetStoreAppHelperTest\GetStoreAppHelperTest.wapproj", "{5B0B2EA7-A45C-4233-B19A-73CECC9A6DB2}"
EndProject
Global
	GlobalSection(SolutionConfigurationPlatforms) = preSolution
		Debug|ARM64 = Debug|ARM64
		Debug|x64 = Debug|x64
		Debug|x86 = Debug|x86
		Release|ARM64 = Release|ARM64
		Release|x64 = Release|x64
		Release|x86 = Release|x86
	EndGlobalSection
	GlobalSection(ProjectConfigurationPlatforms) = postSolution
		{C10E0E75-FF6C-4976-BCEE-0369B3FCAA8E}.Debug|ARM64.ActiveCfg = Debug|ARM64
		{C10E0E75-FF6C-4976-BCEE-0369B3FCAA8E}.Debug|ARM64.Build.0 = Debug|ARM64
		{C10E0E75-FF6C-4976-BCEE-0369B3FCAA8E}.Debug|x64.ActiveCfg = Debug|x64
		{C10E0E75-FF6C-4976-BCEE-0369B3FCAA8E}.Debug|x64.Build.0 = Debug|x64
		{C10E0E75-FF6C-4976-BCEE-0369B3FCAA8E}.Debug|x86.ActiveCfg = Debug|x86
		{C10E0E75-FF6C-4976-BCEE-0369B3FCAA8E}.Debug|x86.Build.0 = Debug|x86
		{C10E0E75-FF6C-4976-BCEE-0369B3FCAA8E}.Release|ARM64.ActiveCfg = Release|ARM64
		{C10E0E75-FF6C-4976-BCEE-0369B3FCAA8E}.Release|ARM64.Build.0 = Release|ARM64
		{C10E0E75-FF6C-4976-BCEE-0369B3FCAA8E}.Release|x64.ActiveCfg = Release|x64
		{C10E0E75-FF6C-4976-BCEE-0369B3FCAA8E}.Release|x64.Build.0 = Release|x64
		{C10E0E75-FF6C-4976-BCEE-0369B3FCAA8E}.Release|x86.ActiveCfg = Release|x86
		{C10E0E75-FF6C-4976-BCEE-0369B3FCAA8E}.Release|x86.Build.0 = Release|x86
		{CA6C2DC4-C96D-4C23-AE18-FC7150BEF554}.Debug|ARM64.ActiveCfg = Debug|ARM64
		{CA6C2DC4-C96D-4C23-AE18-FC7150BEF554}.Debug|ARM64.Build.0 = Debug|ARM64
		{CA6C2DC4-C96D-4C23-AE18-FC7150BEF554}.Debug|ARM64.Deploy.0 = Debug|ARM64
		{CA6C2DC4-C96D-4C23-AE18-FC7150BEF554}.Debug|x64.ActiveCfg = Debug|x64
		{CA6C2DC4-C96D-4C23-AE18-FC7150BEF554}.Debug|x64.Build.0 = Debug|x64
		{CA6C2DC4-C96D-4C23-AE18-FC7150BEF554}.Debug|x64.Deploy.0 = Debug|x64
		{CA6C2DC4-C96D-4C23-AE18-FC7150BEF554}.Debug|x86.ActiveCfg = Debug|x86
		{CA6C2DC4-C96D-4C23-AE18-FC7150BEF554}.Debug|x86.Build.0 = Debug|x86
		{CA6C2DC4-C96D-4C23-AE18-FC7150BEF554}.Debug|x86.Deploy.0 = Debug|x86
		{CA6C2DC4-C96D-4C23-AE18-FC7150BEF554}.Release|ARM64.ActiveCfg = Release|ARM64
		{CA6C2DC4-C96D-4C23-AE18-FC7150BEF554}.Release|ARM64.Build.0 = Release|ARM64
		{CA6C2DC4-C96D-4C23-AE18-FC7150BEF554}.Release|ARM64.Deploy.0 = Release|ARM64
		{CA6C2DC4-C96D-4C23-AE18-FC7150BEF554}.Release|x64.ActiveCfg = Release|x64
		{CA6C2DC4-C96D-4C23-AE18-FC7150BEF554}.Release|x64.Build.0 = Release|x64
		{CA6C2DC4-C96D-4C23-AE18-FC7150BEF554}.Release|x64.Deploy.0 = Release|x64
		{CA6C2DC4-C96D-4C23-AE18-FC7150BEF554}.Release|x86.ActiveCfg = Release|x86
		{CA6C2DC4-C96D-4C23-AE18-FC7150BEF554}.Release|x86.Build.0 = Release|x86
		{CA6C2DC4-C96D-4C23-AE18-FC7150BEF554}.Release|x86.Deploy.0 = Release|x86
		{E5F0A18A-347D-4020-BA37-2E06C0DE233E}.Debug|ARM64.ActiveCfg = Debug|ARM64
		{E5F0A18A-347D-4020-BA37-2E06C0DE233E}.Debug|ARM64.Build.0 = Debug|ARM64
		{E5F0A18A-347D-4020-BA37-2E06C0DE233E}.Debug|x64.ActiveCfg = Debug|x64
		{E5F0A18A-347D-4020-BA37-2E06C0DE233E}.Debug|x64.Build.0 = Debug|x64
		{E5F0A18A-347D-4020-BA37-2E06C0DE233E}.Debug|x86.ActiveCfg = Debug|x86
		{E5F0A18A-347D-4020-BA37-2E06C0DE233E}.Debug|x86.Build.0 = Debug|x86
		{E5F0A18A-347D-4020-BA37-2E06C0DE233E}.Release|ARM64.ActiveCfg = Release|ARM64
		{E5F0A18A-347D-4020-BA37-2E06C0DE233E}.Release|ARM64.Build.0 = Release|ARM64
		{E5F0A18A-347D-4020-BA37-2E06C0DE233E}.Release|x64.ActiveCfg = Release|x64
		{E5F0A18A-347D-4020-BA37-2E06C0DE233E}.Release|x64.Build.0 = Release|x64
		{E5F0A18A-347D-4020-BA37-2E06C0DE233E}.Release|x86.ActiveCfg = Release|x86
		{E5F0A18A-347D-4020-BA37-2E06C0DE233E}.Release|x86.Build.0 = Release|x86
		{5B0B2EA7-A45C-4233-B19A-73CECC9A6DB2}.Debug|ARM64.ActiveCfg = Debug|ARM64
		{5B0B2EA7-A45C-4233-B19A-73CECC9A6DB2}.Debug|ARM64.Build.0 = Debug|ARM64
		{5B0B2EA7-A45C-4233-B19A-73CECC9A6DB2}.Debug|ARM64.Deploy.0 = Debug|ARM64
		{5B0B2EA7-A45C-4233-B19A-73CECC9A6DB2}.Debug|x64.ActiveCfg = Debug|x64
		{5B0B2EA7-A45C-4233-B19A-73CECC9A6DB2}.Debug|x64.Build.0 = Debug|x64
		{5B0B2EA7-A45C-4233-B19A-73CECC9A6DB2}.Debug|x64.Deploy.0 = Debug|x64
		{5B0B2EA7-A45C-4233-B19A-73CECC9A6DB2}.Debug|x86.ActiveCfg = Debug|x86
		{5B0B2EA7-A45C-4233-B19A-73CECC9A6DB2}.Debug|x86.Build.0 = Debug|x86
		{5B0B2EA7-A45C-4233-B19A-73CECC9A6DB2}.Debug|x86.Deploy.0 = Debug|x86
		{5B0B2EA7-A45C-4233-B19A-73CECC9A6DB2}.Release|ARM64.ActiveCfg = Release|ARM64
		{5B0B2EA7-A45C-4233-B19A-73CECC9A6DB2}.Release|ARM64.Build.0 = Release|ARM64
		{5B0B2EA7-A45C-4233-B19A-73CECC9A6DB2}.Release|x64.ActiveCfg = Release|x64
		{5B0B2EA7-A45C-4233-B19A-73CECC9A6DB2}.Release|x64.Build.0 = Release|x64
		{5B0B2EA7-A45C-4233-B19A-73CECC9A6DB2}.Release|x86.ActiveCfg = Release|x86
		{5B0B2EA7-A45C-4233-B19A-73CECC9A6DB2}.Release|x86.Build.0 = Release|x86
	EndGlobalSection
	GlobalSection(SolutionProperties) = preSolution
		HideSolutionNode = FALSE
	EndGlobalSection
	GlobalSection(NestedProjects) = preSolution
		{119BC62D-028A-420E-B1B6-D49B12D56320} = {23584989-CD5F-4D3C-BBD0-59E2C9A93B04}
	EndGlobalSection
	GlobalSection(ExtensibilityGlobals) = postSolution
		SolutionGuid = {7A0E0485-2B4F-48FF-B84E-F6BB189242A9}
	EndGlobalSection
EndGlobal
