
Microsoft Visual Studio Solution File, Format Version 12.00
# Visual Studio Version 17
VisualStudioVersion = 17.3.32811.315
MinimumVisualStudioVersion = 10.0.40219.1
Project("{9A19103F-16F7-4668-BE54-9A1E7A4F7556}") = "GetStoreApp", "GetStoreApp\GetStoreApp.csproj", "{C10E0E75-FF6C-4976-BCEE-0369B3FCAA8E}"
EndProject
Project("{2150E333-8FDC-42A3-9474-1A3956D46DE8}") = "解决方案项", "解决方案项", "{23584989-CD5F-4D3C-BBD0-59E2C9A93B04}"
	ProjectSection(SolutionItems) = preProject
		.editorconfig = .editorconfig
		.gitattributes = .gitattributes
		.gitignore = .gitignore
		Directory.Build.props = Directory.Build.props
		LICENSE = LICENSE
		README.md = README.md
	EndProjectSection
EndProject
Project("{C7167F0D-BC9F-4E6E-AFE1-012C56B48DB5}") = "GetStoreAppPackage", "GetStoreAppPackage\GetStoreAppPackage.wapproj", "{CA6C2DC4-C96D-4C23-AE18-FC7150BEF554}"
EndProject
Project("{2150E333-8FDC-42A3-9474-1A3956D46DE8}") = "Description", "Description", "{119BC62D-028A-420E-B1B6-D49B12D56320}"
	ProjectSection(SolutionItems) = preProject
		Description\AuxiliaryTools.md = Description\AuxiliaryTools.md
		Description\README_EN-US.md = Description\README_EN-US.md
		Description\README_ZH-CN.md = Description\README_ZH-CN.md
		Description\StudyReferenceCode.md = Description\StudyReferenceCode.md
	EndProjectSection
EndProject
Project("{9A19103F-16F7-4668-BE54-9A1E7A4F7556}") = "GetStoreAppWebView", "GetStoreAppWebView\GetStoreAppWebView.csproj", "{29E64374-337A-4D09-8A1C-0D8C6DCE84C5}"
EndProject
Project("{9A19103F-16F7-4668-BE54-9A1E7A4F7556}") = "Microsoft.Management.Deployment.Projection", "Microsoft.Management.Deployment.Projection\Microsoft.Management.Deployment.Projection.csproj", "{9782AEF8-5FD1-457E-8018-7233F1567ADB}"
EndProject
Project("{911E67C6-3D85-4FCE-B560-20A9C3E3FF48}") = "signtool", "signtool.exe", "{86DD9BE2-5280-46E5-956E-F31EC452BB22}"
	ProjectSection(DebuggerProjectSystem) = preProject
		PortSupplier = 00000000-0000-0000-0000-000000000000
		Executable = D:\Github\GetStoreApp\signtool.exe
		RemoteMachine = DESKTOP-D7B6T3H
		StartingDirectory = D:\Github\GetStoreApp
		Environment = 默认值
		LaunchingEngine = 00000000-0000-0000-0000-000000000000
		UseLegacyDebugEngines = No
		LaunchSQLEngine = No
		AttachLaunchAction = No
		IORedirection = Auto
	EndProjectSection
EndProject
Global
	GlobalSection(SolutionConfigurationPlatforms) = preSolution
		Debug|ARM64 = Debug|ARM64
		Debug|x64 = Debug|x64
		Debug|x86 = Debug|x86
		Release|ARM64 = Release|ARM64
		Release|x64 = Release|x64
		Release|x86 = Release|x86
	EndGlobalSection
	GlobalSection(ProjectConfigurationPlatforms) = postSolution
		{C10E0E75-FF6C-4976-BCEE-0369B3FCAA8E}.Debug|ARM64.ActiveCfg = Debug|ARM64
		{C10E0E75-FF6C-4976-BCEE-0369B3FCAA8E}.Debug|ARM64.Build.0 = Debug|ARM64
		{C10E0E75-FF6C-4976-BCEE-0369B3FCAA8E}.Debug|x64.ActiveCfg = Debug|x64
		{C10E0E75-FF6C-4976-BCEE-0369B3FCAA8E}.Debug|x64.Build.0 = Debug|x64
		{C10E0E75-FF6C-4976-BCEE-0369B3FCAA8E}.Debug|x86.ActiveCfg = Debug|x86
		{C10E0E75-FF6C-4976-BCEE-0369B3FCAA8E}.Debug|x86.Build.0 = Debug|x86
		{C10E0E75-FF6C-4976-BCEE-0369B3FCAA8E}.Release|ARM64.ActiveCfg = Release|ARM64
		{C10E0E75-FF6C-4976-BCEE-0369B3FCAA8E}.Release|ARM64.Build.0 = Release|ARM64
		{C10E0E75-FF6C-4976-BCEE-0369B3FCAA8E}.Release|x64.ActiveCfg = Release|x64
		{C10E0E75-FF6C-4976-BCEE-0369B3FCAA8E}.Release|x64.Build.0 = Release|x64
		{C10E0E75-FF6C-4976-BCEE-0369B3FCAA8E}.Release|x86.ActiveCfg = Release|x86
		{C10E0E75-FF6C-4976-BCEE-0369B3FCAA8E}.Release|x86.Build.0 = Release|x86
		{CA6C2DC4-C96D-4C23-AE18-FC7150BEF554}.Debug|ARM64.ActiveCfg = Debug|ARM64
		{CA6C2DC4-C96D-4C23-AE18-FC7150BEF554}.Debug|ARM64.Build.0 = Debug|ARM64
		{CA6C2DC4-C96D-4C23-AE18-FC7150BEF554}.Debug|ARM64.Deploy.0 = Debug|ARM64
		{CA6C2DC4-C96D-4C23-AE18-FC7150BEF554}.Debug|x64.ActiveCfg = Debug|x64
		{CA6C2DC4-C96D-4C23-AE18-FC7150BEF554}.Debug|x64.Build.0 = Debug|x64
		{CA6C2DC4-C96D-4C23-AE18-FC7150BEF554}.Debug|x64.Deploy.0 = Debug|x64
		{CA6C2DC4-C96D-4C23-AE18-FC7150BEF554}.Debug|x86.ActiveCfg = Debug|x86
		{CA6C2DC4-C96D-4C23-AE18-FC7150BEF554}.Debug|x86.Build.0 = Debug|x86
		{CA6C2DC4-C96D-4C23-AE18-FC7150BEF554}.Debug|x86.Deploy.0 = Debug|x86
		{CA6C2DC4-C96D-4C23-AE18-FC7150BEF554}.Release|ARM64.ActiveCfg = Release|ARM64
		{CA6C2DC4-C96D-4C23-AE18-FC7150BEF554}.Release|ARM64.Build.0 = Release|ARM64
		{CA6C2DC4-C96D-4C23-AE18-FC7150BEF554}.Release|ARM64.Deploy.0 = Release|ARM64
		{CA6C2DC4-C96D-4C23-AE18-FC7150BEF554}.Release|x64.ActiveCfg = Release|x64
		{CA6C2DC4-C96D-4C23-AE18-FC7150BEF554}.Release|x64.Build.0 = Release|x64
		{CA6C2DC4-C96D-4C23-AE18-FC7150BEF554}.Release|x64.Deploy.0 = Release|x64
		{CA6C2DC4-C96D-4C23-AE18-FC7150BEF554}.Release|x86.ActiveCfg = Release|x86
		{CA6C2DC4-C96D-4C23-AE18-FC7150BEF554}.Release|x86.Build.0 = Release|x86
		{CA6C2DC4-C96D-4C23-AE18-FC7150BEF554}.Release|x86.Deploy.0 = Release|x86
		{29E64374-337A-4D09-8A1C-0D8C6DCE84C5}.Debug|ARM64.ActiveCfg = Debug|ARM64
		{29E64374-337A-4D09-8A1C-0D8C6DCE84C5}.Debug|ARM64.Build.0 = Debug|ARM64
		{29E64374-337A-4D09-8A1C-0D8C6DCE84C5}.Debug|x64.ActiveCfg = Debug|x64
		{29E64374-337A-4D09-8A1C-0D8C6DCE84C5}.Debug|x64.Build.0 = Debug|x64
		{29E64374-337A-4D09-8A1C-0D8C6DCE84C5}.Debug|x86.ActiveCfg = Debug|x86
		{29E64374-337A-4D09-8A1C-0D8C6DCE84C5}.Debug|x86.Build.0 = Debug|x86
		{29E64374-337A-4D09-8A1C-0D8C6DCE84C5}.Release|ARM64.ActiveCfg = Release|ARM64
		{29E64374-337A-4D09-8A1C-0D8C6DCE84C5}.Release|ARM64.Build.0 = Release|ARM64
		{29E64374-337A-4D09-8A1C-0D8C6DCE84C5}.Release|x64.ActiveCfg = Release|x64
		{29E64374-337A-4D09-8A1C-0D8C6DCE84C5}.Release|x64.Build.0 = Release|x64
		{29E64374-337A-4D09-8A1C-0D8C6DCE84C5}.Release|x86.ActiveCfg = Release|x86
		{29E64374-337A-4D09-8A1C-0D8C6DCE84C5}.Release|x86.Build.0 = Release|x86
		{9782AEF8-5FD1-457E-8018-7233F1567ADB}.Debug|ARM64.ActiveCfg = Debug|ARM64
		{9782AEF8-5FD1-457E-8018-7233F1567ADB}.Debug|ARM64.Build.0 = Debug|ARM64
		{9782AEF8-5FD1-457E-8018-7233F1567ADB}.Debug|x64.ActiveCfg = Debug|x64
		{9782AEF8-5FD1-457E-8018-7233F1567ADB}.Debug|x64.Build.0 = Debug|x64
		{9782AEF8-5FD1-457E-8018-7233F1567ADB}.Debug|x86.ActiveCfg = Debug|x86
		{9782AEF8-5FD1-457E-8018-7233F1567ADB}.Debug|x86.Build.0 = Debug|x86
		{9782AEF8-5FD1-457E-8018-7233F1567ADB}.Release|ARM64.ActiveCfg = Release|ARM64
		{9782AEF8-5FD1-457E-8018-7233F1567ADB}.Release|ARM64.Build.0 = Release|ARM64
		{9782AEF8-5FD1-457E-8018-7233F1567ADB}.Release|x64.ActiveCfg = Release|X64
		{9782AEF8-5FD1-457E-8018-7233F1567ADB}.Release|x64.Build.0 = Release|X64
		{9782AEF8-5FD1-457E-8018-7233F1567ADB}.Release|x86.ActiveCfg = Release|x86
		{9782AEF8-5FD1-457E-8018-7233F1567ADB}.Release|x86.Build.0 = Release|x86
		{86DD9BE2-5280-46E5-956E-F31EC452BB22}.Debug|ARM64.ActiveCfg = Release|x64
		{86DD9BE2-5280-46E5-956E-F31EC452BB22}.Debug|x64.ActiveCfg = Release|x64
		{86DD9BE2-5280-46E5-956E-F31EC452BB22}.Debug|x86.ActiveCfg = Release|x64
		{86DD9BE2-5280-46E5-956E-F31EC452BB22}.Release|ARM64.ActiveCfg = Release|x64
		{86DD9BE2-5280-46E5-956E-F31EC452BB22}.Release|x64.ActiveCfg = Release|x64
		{86DD9BE2-5280-46E5-956E-F31EC452BB22}.Release|x86.ActiveCfg = Release|x64
	EndGlobalSection
	GlobalSection(SolutionProperties) = preSolution
		HideSolutionNode = FALSE
	EndGlobalSection
	GlobalSection(NestedProjects) = preSolution
		{119BC62D-028A-420E-B1B6-D49B12D56320} = {23584989-CD5F-4D3C-BBD0-59E2C9A93B04}
		{86DD9BE2-5280-46E5-956E-F31EC452BB22} = {23584989-CD5F-4D3C-BBD0-59E2C9A93B04}
	EndGlobalSection
	GlobalSection(ExtensibilityGlobals) = postSolution
		SolutionGuid = {7A0E0485-2B4F-48FF-B84E-F6BB189242A9}
	EndGlobalSection
EndGlobal
