
Microsoft Visual Studio Solution File, Format Version 12.00
# Visual Studio Version 17
VisualStudioVersion = 17.5.33424.131
MinimumVisualStudioVersion = 10.0.40219.1
Project("{8BC9CEB8-8B4A-11D0-8D11-00A0C91BC942}") = "GetStoreApp", "GetStoreApp\GetStoreApp.vcxproj", "{170C68C6-52BE-43F8-AF3C-72818F6A6FAB}"
EndProject
Project("{C7167F0D-BC9F-4E6E-AFE1-012C56B48DB5}") = "GetStoreAppPackage", "GetStoreAppPackage\GetStoreAppPackage.wapproj", "{25BC6440-3435-4C93-852E-AF49FBC1BE82}"
EndProject
Global
	GlobalSection(SolutionConfigurationPlatforms) = preSolution
		Debug|ARM64 = Debug|ARM64
		Debug|x64 = Debug|x64
		Debug|x86 = Debug|x86
		Release|ARM64 = Release|ARM64
		Release|x64 = Release|x64
		Release|x86 = Release|x86
	EndGlobalSection
	GlobalSection(ProjectConfigurationPlatforms) = postSolution
		{170C68C6-52BE-43F8-AF3C-72818F6A6FAB}.Debug|ARM64.ActiveCfg = Debug|ARM64
		{170C68C6-52BE-43F8-AF3C-72818F6A6FAB}.Debug|ARM64.Build.0 = Debug|ARM64
		{170C68C6-52BE-43F8-AF3C-72818F6A6FAB}.Debug|x64.ActiveCfg = Debug|x64
		{170C68C6-52BE-43F8-AF3C-72818F6A6FAB}.Debug|x64.Build.0 = Debug|x64
		{170C68C6-52BE-43F8-AF3C-72818F6A6FAB}.Debug|x86.ActiveCfg = Debug|Win32
		{170C68C6-52BE-43F8-AF3C-72818F6A6FAB}.Debug|x86.Build.0 = Debug|Win32
		{170C68C6-52BE-43F8-AF3C-72818F6A6FAB}.Release|ARM64.ActiveCfg = Release|ARM64
		{170C68C6-52BE-43F8-AF3C-72818F6A6FAB}.Release|ARM64.Build.0 = Release|ARM64
		{170C68C6-52BE-43F8-AF3C-72818F6A6FAB}.Release|x64.ActiveCfg = Release|x64
		{170C68C6-52BE-43F8-AF3C-72818F6A6FAB}.Release|x64.Build.0 = Release|x64
		{170C68C6-52BE-43F8-AF3C-72818F6A6FAB}.Release|x86.ActiveCfg = Release|Win32
		{170C68C6-52BE-43F8-AF3C-72818F6A6FAB}.Release|x86.Build.0 = Release|Win32
		{25BC6440-3435-4C93-852E-AF49FBC1BE82}.Debug|ARM64.ActiveCfg = Debug|ARM64
		{25BC6440-3435-4C93-852E-AF49FBC1BE82}.Debug|ARM64.Build.0 = Debug|ARM64
		{25BC6440-3435-4C93-852E-AF49FBC1BE82}.Debug|ARM64.Deploy.0 = Debug|ARM64
		{25BC6440-3435-4C93-852E-AF49FBC1BE82}.Debug|x64.ActiveCfg = Debug|x64
		{25BC6440-3435-4C93-852E-AF49FBC1BE82}.Debug|x64.Build.0 = Debug|x64
		{25BC6440-3435-4C93-852E-AF49FBC1BE82}.Debug|x64.Deploy.0 = Debug|x64
		{25BC6440-3435-4C93-852E-AF49FBC1BE82}.Debug|x86.ActiveCfg = Debug|x86
		{25BC6440-3435-4C93-852E-AF49FBC1BE82}.Debug|x86.Build.0 = Debug|x86
		{25BC6440-3435-4C93-852E-AF49FBC1BE82}.Debug|x86.Deploy.0 = Debug|x86
		{25BC6440-3435-4C93-852E-AF49FBC1BE82}.Release|ARM64.ActiveCfg = Release|ARM64
		{25BC6440-3435-4C93-852E-AF49FBC1BE82}.Release|ARM64.Build.0 = Release|ARM64
		{25BC6440-3435-4C93-852E-AF49FBC1BE82}.Release|ARM64.Deploy.0 = Release|ARM64
		{25BC6440-3435-4C93-852E-AF49FBC1BE82}.Release|x64.ActiveCfg = Release|x64
		{25BC6440-3435-4C93-852E-AF49FBC1BE82}.Release|x64.Build.0 = Release|x64
		{25BC6440-3435-4C93-852E-AF49FBC1BE82}.Release|x64.Deploy.0 = Release|x64
		{25BC6440-3435-4C93-852E-AF49FBC1BE82}.Release|x86.ActiveCfg = Release|x86
		{25BC6440-3435-4C93-852E-AF49FBC1BE82}.Release|x86.Build.0 = Release|x86
		{25BC6440-3435-4C93-852E-AF49FBC1BE82}.Release|x86.Deploy.0 = Release|x86
	EndGlobalSection
	GlobalSection(SolutionProperties) = preSolution
		HideSolutionNode = FALSE
	EndGlobalSection
	GlobalSection(ExtensibilityGlobals) = postSolution
		SolutionGuid = {740C3038-57B3-4B7E-A623-9D188C70F63C}
	EndGlobalSection
EndGlobal
